
Microsoft Visual Studio Solution File, Format Version 12.00
# Visual Studio Version 17
VisualStudioVersion = 17.3.32901.215
MinimumVisualStudioVersion = 10.0.40219.1
Project("{FAE04EC0-301F-11D3-BF4B-00C04F79EFBC}") = "Dados2.Android", "Dados2.Android\Dados2.Android.csproj", "{1752B34F-0A06-4BA9-A679-C9632322F605}"
EndProject
Project("{FAE04EC0-301F-11D3-BF4B-00C04F79EFBC}") = "Dados2", "Dados2\Dados2.csproj", "{A6BBBD2B-C4D0-46A4-88C8-1DCE39716064}"
EndProject
Global
	GlobalSection(SolutionConfigurationPlatforms) = preSolution
		Debug|Any CPU = Debug|Any CPU
		Release|Any CPU = Release|Any CPU
	EndGlobalSection
	GlobalSection(ProjectConfigurationPlatforms) = postSolution
		{1752B34F-0A06-4BA9-A679-C9632322F605}.Debug|Any CPU.ActiveCfg = Debug|Any CPU
		{1752B34F-0A06-4BA9-A679-C9632322F605}.Debug|Any CPU.Build.0 = Debug|Any CPU
		{1752B34F-0A06-4BA9-A679-C9632322F605}.Debug|Any CPU.Deploy.0 = Debug|Any CPU
		{1752B34F-0A06-4BA9-A679-C9632322F605}.Release|Any CPU.ActiveCfg = Release|Any CPU
		{1752B34F-0A06-4BA9-A679-C9632322F605}.Release|Any CPU.Build.0 = Release|Any CPU
		{1752B34F-0A06-4BA9-A679-C9632322F605}.Release|Any CPU.Deploy.0 = Release|Any CPU
		{A6BBBD2B-C4D0-46A4-88C8-1DCE39716064}.Debug|Any CPU.ActiveCfg = Debug|Any CPU
		{A6BBBD2B-C4D0-46A4-88C8-1DCE39716064}.Debug|Any CPU.Build.0 = Debug|Any CPU
		{A6BBBD2B-C4D0-46A4-88C8-1DCE39716064}.Debug|Any CPU.Deploy.0 = Debug|Any CPU
		{A6BBBD2B-C4D0-46A4-88C8-1DCE39716064}.Release|Any CPU.ActiveCfg = Release|Any CPU
		{A6BBBD2B-C4D0-46A4-88C8-1DCE39716064}.Release|Any CPU.Build.0 = Release|Any CPU
		{A6BBBD2B-C4D0-46A4-88C8-1DCE39716064}.Release|Any CPU.Deploy.0 = Release|Any CPU
	EndGlobalSection
	GlobalSection(SolutionProperties) = preSolution
		HideSolutionNode = FALSE
	EndGlobalSection
	GlobalSection(ExtensibilityGlobals) = postSolution
		SolutionGuid = {0D65B3CD-A8B3-42DF-B5D2-72BD978B4EE5}
	EndGlobalSection
EndGlobal
